{
  "requires": true,
  "lockfileVersion": 1,
  "dependencies": {
    "shinden-api": {
      "version": "github:pewupl/shinden-api#e28716c00aa8e6a89dba95a0f3415548f34f8e65",
      "from": "github:pewupl/shinden-api",
      "requires": {
        "xmlhttprequest": "^1.8.0"
      }
    },
    "xmlhttprequest": {
      "version": "1.8.0",
      "resolved": "https://registry.npmjs.org/xmlhttprequest/-/xmlhttprequest-1.8.0.tgz",
      "integrity": "sha1-Z/4HXFwk/vOfnWX197f+dRcZaPw="
    }
  }
}
